
Microsoft Visual Studio Solution File, Format Version 12.00
# Visual Studio Version 17
VisualStudioVersion = 17.11.35219.272
MinimumVisualStudioVersion = 10.0.40219.1
Project("{FAE04EC0-301F-11D3-BF4B-00C04F79EFBC}") = "Formula", "Formula\Formula.csproj", "{D3EC97D2-7F03-4DFD-A579-3F6BD7892412}"
EndProject
Global
	GlobalSection(SolutionConfigurationPlatforms) = preSolution
		Debug|Any CPU = Debug|Any CPU
		Release|Any CPU = Release|Any CPU
	EndGlobalSection
	GlobalSection(ProjectConfigurationPlatforms) = postSolution
		{D3EC97D2-7F03-4DFD-A579-3F6BD7892412}.Debug|Any CPU.ActiveCfg = Debug|Any CPU
		{D3EC97D2-7F03-4DFD-A579-3F6BD7892412}.Debug|Any CPU.Build.0 = Debug|Any CPU
		{D3EC97D2-7F03-4DFD-A579-3F6BD7892412}.Release|Any CPU.ActiveCfg = Release|Any CPU
		{D3EC97D2-7F03-4DFD-A579-3F6BD7892412}.Release|Any CPU.Build.0 = Release|Any CPU
	EndGlobalSection
	GlobalSection(SolutionProperties) = preSolution
		HideSolutionNode = FALSE
	EndGlobalSection
	GlobalSection(ExtensibilityGlobals) = postSolution
		SolutionGuid = {B7E55DA4-139A-4BC8-8A7F-4B449B9CB5F1}
	EndGlobalSection
EndGlobal
